
Microsoft Visual Studio Solution File, Format Version 12.00
# Visual Studio Version 16
VisualStudioVersion = 16.0.31729.503
MinimumVisualStudioVersion = 10.0.40219.1
Project("{FAE04EC0-301F-11D3-BF4B-00C04F79EFBC}") = "EstimationToolKit", "EstimationToolKit\EstimationToolKit.csproj", "{E387E3C3-F5F3-4050-8517-36C3A7C35C51}"
EndProject
Global
	GlobalSection(SolutionConfigurationPlatforms) = preSolution
		Debug|Any CPU = Debug|Any CPU
		Release|Any CPU = Release|Any CPU
	EndGlobalSection
	GlobalSection(ProjectConfigurationPlatforms) = postSolution
		{E387E3C3-F5F3-4050-8517-36C3A7C35C51}.Debug|Any CPU.ActiveCfg = Debug|Any CPU
		{E387E3C3-F5F3-4050-8517-36C3A7C35C51}.Debug|Any CPU.Build.0 = Debug|Any CPU
		{E387E3C3-F5F3-4050-8517-36C3A7C35C51}.Release|Any CPU.ActiveCfg = Release|Any CPU
		{E387E3C3-F5F3-4050-8517-36C3A7C35C51}.Release|Any CPU.Build.0 = Release|Any CPU
	EndGlobalSection
	GlobalSection(SolutionProperties) = preSolution
		HideSolutionNode = FALSE
	EndGlobalSection
	GlobalSection(ExtensibilityGlobals) = postSolution
		SolutionGuid = {901E91DE-C703-4F70-88A2-ABC92BDA4CBA}
	EndGlobalSection
EndGlobal
